{
  "name": "homework-m3-d8",
  "version": "1.0.0",
  "lockfileVersion": 2,
  "requires": true,
  "packages": {
    "": {
      "name": "homework-m3-d8",
      "version": "1.0.0",
      "license": "ISC",
      "dependencies": {
        "fontawesome-4.7": "^4.7.0"
      }
    },
    "node_modules/fontawesome-4.7": {
      "version": "4.7.0",
      "resolved": "https://registry.npmjs.org/fontawesome-4.7/-/fontawesome-4.7-4.7.0.tgz",
      "integrity": "sha512-K+pJ9tR3Z+youCvMOtqwJyyM69dlAQflrahXTV3KExWTAFHqR+MgeEC/dF3Q7nUNOJRMOX8GIPzzGbnh4GMrkw=="
    }
  },
  "dependencies": {
    "fontawesome-4.7": {
      "version": "4.7.0",
      "resolved": "https://registry.npmjs.org/fontawesome-4.7/-/fontawesome-4.7-4.7.0.tgz",
      "integrity": "sha512-K+pJ9tR3Z+youCvMOtqwJyyM69dlAQflrahXTV3KExWTAFHqR+MgeEC/dF3Q7nUNOJRMOX8GIPzzGbnh4GMrkw=="
    }
  }
}
